
Microsoft Visual Studio Solution File, Format Version 12.00
# Visual Studio Version 17
VisualStudioVersion = 17.9.34616.47
MinimumVisualStudioVersion = 10.0.40219.1
Project("{9A19103F-16F7-4668-BE54-9A1E7A4F7556}") = "WebApplication1", "WebApplication1\WebApplication1.csproj", "{7C76D5F7-0D67-46C2-9725-25B6CC6D6BE9}"
EndProject
Global
	GlobalSection(SolutionConfigurationPlatforms) = preSolution
		Debug|Any CPU = Debug|Any CPU
		Release|Any CPU = Release|Any CPU
	EndGlobalSection
	GlobalSection(ProjectConfigurationPlatforms) = postSolution
		{7C76D5F7-0D67-46C2-9725-25B6CC6D6BE9}.Debug|Any CPU.ActiveCfg = Debug|Any CPU
		{7C76D5F7-0D67-46C2-9725-25B6CC6D6BE9}.Debug|Any CPU.Build.0 = Debug|Any CPU
		{7C76D5F7-0D67-46C2-9725-25B6CC6D6BE9}.Release|Any CPU.ActiveCfg = Release|Any CPU
		{7C76D5F7-0D67-46C2-9725-25B6CC6D6BE9}.Release|Any CPU.Build.0 = Release|Any CPU
	EndGlobalSection
	GlobalSection(SolutionProperties) = preSolution
		HideSolutionNode = FALSE
	EndGlobalSection
	GlobalSection(ExtensibilityGlobals) = postSolution
		SolutionGuid = {14F8E78F-5B31-460B-A8B2-C3ED2ADBC9F3}
	EndGlobalSection
EndGlobal
